// !$*UTF8*$!
{
	archiveVersion = 1;
	classes = {
	};
	objectVersion = 46;
	objects = {

/* Begin PBXBuildFile section */
		A01FCB5219F9B67200ED3948 /* KNMessagesViewController.m in Sources */ = {isa = PBXBuildFile; fileRef = A01FCB5119F9B67200ED3948 /* KNMessagesViewController.m */; };
		A0D2DA6519DCA71C004EB881 /* main.m in Sources */ = {isa = PBXBuildFile; fileRef = A0D2DA6419DCA71C004EB881 /* main.m */; };
		A0D2DA6819DCA71C004EB881 /* AppDelegate.m in Sources */ = {isa = PBXBuildFile; fileRef = A0D2DA6719DCA71C004EB881 /* AppDelegate.m */; };
		A0D2DA6E19DCA71C004EB881 /* Main.storyboard in Resources */ = {isa = PBXBuildFile; fileRef = A0D2DA6C19DCA71C004EB881 /* Main.storyboard */; };
		A0D2DA7019DCA71C004EB881 /* Images.xcassets in Resources */ = {isa = PBXBuildFile; fileRef = A0D2DA6F19DCA71C004EB881 /* Images.xcassets */; };
		A0D2DA7319DCA71C004EB881 /* LaunchScreen.xib in Resources */ = {isa = PBXBuildFile; fileRef = A0D2DA7119DCA71C004EB881 /* LaunchScreen.xib */; };
		A0D2DA7F19DCA71C004EB881 /* TelephatyTests.m in Sources */ = {isa = PBXBuildFile; fileRef = A0D2DA7E19DCA71C004EB881 /* TelephatyTests.m */; };
		DCF0A988F80A2079BCF70019 /* libPods-Telephaty.a in Frameworks */ = {isa = PBXBuildFile; fileRef = EBAE8B384CD114D6D8075544 /* libPods-Telephaty.a */; };
		EB18969A1A15FF9F00B85194 /* MessageData.m in Sources */ = {isa = PBXBuildFile; fileRef = EB1896951A15FF9F00B85194 /* MessageData.m */; };
		EB18969B1A15FF9F00B85194 /* MessageDataUtils.m in Sources */ = {isa = PBXBuildFile; fileRef = EB1896971A15FF9F00B85194 /* MessageDataUtils.m */; };
		EB18969C1A15FF9F00B85194 /* TelephatyDB.xcdatamodeld in Sources */ = {isa = PBXBuildFile; fileRef = EB1896981A15FF9F00B85194 /* TelephatyDB.xcdatamodeld */; };
		EB1896AA1A15FFDF00B85194 /* KNConfigurationService.m in Sources */ = {isa = PBXBuildFile; fileRef = EB1896A11A15FFDF00B85194 /* KNConfigurationService.m */; };
		EB1896AB1A15FFDF00B85194 /* KNCoreDataService.m in Sources */ = {isa = PBXBuildFile; fileRef = EB1896A31A15FFDF00B85194 /* KNCoreDataService.m */; };
		EB1896AC1A15FFDF00B85194 /* KNTelephatyCentralService.m in Sources */ = {isa = PBXBuildFile; fileRef = EB1896A51A15FFDF00B85194 /* KNTelephatyCentralService.m */; };
		EB1896AD1A15FFDF00B85194 /* KNTelephatyPeripheralService.m in Sources */ = {isa = PBXBuildFile; fileRef = EB1896A71A15FFDF00B85194 /* KNTelephatyPeripheralService.m */; };
		EB1896AE1A15FFDF00B85194 /* KNTelephatyService.m in Sources */ = {isa = PBXBuildFile; fileRef = EB1896A91A15FFDF00B85194 /* KNTelephatyService.m */; };
		EB1D3D181A1E57BD0038C714 /* NSData+Digest.m in Sources */ = {isa = PBXBuildFile; fileRef = EB1D3D101A1E57BD0038C714 /* NSData+Digest.m */; };
		EB1D3D191A1E57BD0038C714 /* NSString+Digest.m in Sources */ = {isa = PBXBuildFile; fileRef = EB1D3D121A1E57BD0038C714 /* NSString+Digest.m */; };
		EB1D3D1A1A1E57BD0038C714 /* PPEncrypt.m in Sources */ = {isa = PBXBuildFile; fileRef = EB1D3D151A1E57BD0038C714 /* PPEncrypt.m */; };
		EB1D3D1B1A1E57BD0038C714 /* PPKeyPair.m in Sources */ = {isa = PBXBuildFile; fileRef = EB1D3D171A1E57BD0038C714 /* PPKeyPair.m */; };
		EB1D3D1D1A1E6D8A0038C714 /* Security.framework in Frameworks */ = {isa = PBXBuildFile; fileRef = EB1D3D1C1A1E6D8A0038C714 /* Security.framework */; };
		EB73FC881A1DD09F002C4A00 /* AESCrypt.m in Sources */ = {isa = PBXBuildFile; fileRef = EB73FC801A1DD09F002C4A00 /* AESCrypt.m */; };
		EB73FC891A1DD09F002C4A00 /* NSData+Base64.m in Sources */ = {isa = PBXBuildFile; fileRef = EB73FC821A1DD09F002C4A00 /* NSData+Base64.m */; };
		EB73FC8A1A1DD09F002C4A00 /* NSData+CommonCrypto.m in Sources */ = {isa = PBXBuildFile; fileRef = EB73FC841A1DD09F002C4A00 /* NSData+CommonCrypto.m */; };
		EB73FC8B1A1DD09F002C4A00 /* NSString+Base64.m in Sources */ = {isa = PBXBuildFile; fileRef = EB73FC861A1DD09F002C4A00 /* NSString+Base64.m */; };
/* End PBXBuildFile section */

/* Begin PBXContainerItemProxy section */
		A0D2DA7919DCA71C004EB881 /* PBXContainerItemProxy */ = {
			isa = PBXContainerItemProxy;
			containerPortal = A0D2DA5719DCA71B004EB881 /* Project object */;
			proxyType = 1;
			remoteGlobalIDString = A0D2DA5E19DCA71B004EB881;
			remoteInfo = Telephaty;
		};
/* End PBXContainerItemProxy section */

/* Begin PBXFileReference section */
		308A552687BCB96B9E07F086 /* Pods-Telephaty.release.xcconfig */ = {isa = PBXFileReference; includeInIndex = 1; lastKnownFileType = text.xcconfig; name = "Pods-Telephaty.release.xcconfig"; path = "Pods/Target Support Files/Pods-Telephaty/Pods-Telephaty.release.xcconfig"; sourceTree = "<group>"; };
		A01FCB5019F9B67200ED3948 /* KNMessagesViewController.h */ = {isa = PBXFileReference; fileEncoding = 4; lastKnownFileType = sourcecode.c.h; path = KNMessagesViewController.h; sourceTree = "<group>"; };
		A01FCB5119F9B67200ED3948 /* KNMessagesViewController.m */ = {isa = PBXFileReference; fileEncoding = 4; lastKnownFileType = sourcecode.c.objc; path = KNMessagesViewController.m; sourceTree = "<group>"; };
		A080D81F19EF07B8002936ED /* PrefixHeader.pch */ = {isa = PBXFileReference; lastKnownFileType = sourcecode.c.h; path = PrefixHeader.pch; sourceTree = "<group>"; };
		A0D2DA5F19DCA71B004EB881 /* Telephaty.app */ = {isa = PBXFileReference; explicitFileType = wrapper.application; includeInIndex = 0; path = Telephaty.app; sourceTree = BUILT_PRODUCTS_DIR; };
		A0D2DA6319DCA71C004EB881 /* Info.plist */ = {isa = PBXFileReference; lastKnownFileType = text.plist.xml; path = Info.plist; sourceTree = "<group>"; };
		A0D2DA6419DCA71C004EB881 /* main.m */ = {isa = PBXFileReference; lastKnownFileType = sourcecode.c.objc; path = main.m; sourceTree = "<group>"; };
		A0D2DA6619DCA71C004EB881 /* AppDelegate.h */ = {isa = PBXFileReference; lastKnownFileType = sourcecode.c.h; path = AppDelegate.h; sourceTree = "<group>"; };
		A0D2DA6719DCA71C004EB881 /* AppDelegate.m */ = {isa = PBXFileReference; lastKnownFileType = sourcecode.c.objc; path = AppDelegate.m; sourceTree = "<group>"; };
		A0D2DA6D19DCA71C004EB881 /* Base */ = {isa = PBXFileReference; lastKnownFileType = file.storyboard; name = Base; path = Base.lproj/Main.storyboard; sourceTree = "<group>"; };
		A0D2DA6F19DCA71C004EB881 /* Images.xcassets */ = {isa = PBXFileReference; lastKnownFileType = folder.assetcatalog; path = Images.xcassets; sourceTree = "<group>"; };
		A0D2DA7219DCA71C004EB881 /* Base */ = {isa = PBXFileReference; lastKnownFileType = file.xib; name = Base; path = Base.lproj/LaunchScreen.xib; sourceTree = "<group>"; };
		A0D2DA7819DCA71C004EB881 /* TelephatyTests.xctest */ = {isa = PBXFileReference; explicitFileType = wrapper.cfbundle; includeInIndex = 0; path = TelephatyTests.xctest; sourceTree = BUILT_PRODUCTS_DIR; };
		A0D2DA7D19DCA71C004EB881 /* Info.plist */ = {isa = PBXFileReference; lastKnownFileType = text.plist.xml; path = Info.plist; sourceTree = "<group>"; };
		A0D2DA7E19DCA71C004EB881 /* TelephatyTests.m */ = {isa = PBXFileReference; lastKnownFileType = sourcecode.c.objc; path = TelephatyTests.m; sourceTree = "<group>"; };
		D486498DD0602AE446217326 /* Pods-Telephaty.debug.xcconfig */ = {isa = PBXFileReference; includeInIndex = 1; lastKnownFileType = text.xcconfig; name = "Pods-Telephaty.debug.xcconfig"; path = "Pods/Target Support Files/Pods-Telephaty/Pods-Telephaty.debug.xcconfig"; sourceTree = "<group>"; };
		EB1896941A15FF9F00B85194 /* MessageData.h */ = {isa = PBXFileReference; fileEncoding = 4; lastKnownFileType = sourcecode.c.h; path = MessageData.h; sourceTree = "<group>"; };
		EB1896951A15FF9F00B85194 /* MessageData.m */ = {isa = PBXFileReference; fileEncoding = 4; lastKnownFileType = sourcecode.c.objc; path = MessageData.m; sourceTree = "<group>"; };
		EB1896961A15FF9F00B85194 /* MessageDataUtils.h */ = {isa = PBXFileReference; fileEncoding = 4; lastKnownFileType = sourcecode.c.h; path = MessageDataUtils.h; sourceTree = "<group>"; };
		EB1896971A15FF9F00B85194 /* MessageDataUtils.m */ = {isa = PBXFileReference; fileEncoding = 4; lastKnownFileType = sourcecode.c.objc; path = MessageDataUtils.m; sourceTree = "<group>"; };
		EB1896991A15FF9F00B85194 /* TelephatyDB.xcdatamodel */ = {isa = PBXFileReference; lastKnownFileType = wrapper.xcdatamodel; path = TelephatyDB.xcdatamodel; sourceTree = "<group>"; };
		EB1896A01A15FFDF00B85194 /* KNConfigurationService.h */ = {isa = PBXFileReference; fileEncoding = 4; lastKnownFileType = sourcecode.c.h; path = KNConfigurationService.h; sourceTree = "<group>"; };
		EB1896A11A15FFDF00B85194 /* KNConfigurationService.m */ = {isa = PBXFileReference; fileEncoding = 4; lastKnownFileType = sourcecode.c.objc; path = KNConfigurationService.m; sourceTree = "<group>"; };
		EB1896A21A15FFDF00B85194 /* KNCoreDataService.h */ = {isa = PBXFileReference; fileEncoding = 4; lastKnownFileType = sourcecode.c.h; path = KNCoreDataService.h; sourceTree = "<group>"; };
		EB1896A31A15FFDF00B85194 /* KNCoreDataService.m */ = {isa = PBXFileReference; fileEncoding = 4; lastKnownFileType = sourcecode.c.objc; path = KNCoreDataService.m; sourceTree = "<group>"; };
		EB1896A41A15FFDF00B85194 /* KNTelephatyCentralService.h */ = {isa = PBXFileReference; fileEncoding = 4; lastKnownFileType = sourcecode.c.h; path = KNTelephatyCentralService.h; sourceTree = "<group>"; };
		EB1896A51A15FFDF00B85194 /* KNTelephatyCentralService.m */ = {isa = PBXFileReference; fileEncoding = 4; lastKnownFileType = sourcecode.c.objc; path = KNTelephatyCentralService.m; sourceTree = "<group>"; };
		EB1896A61A15FFDF00B85194 /* KNTelephatyPeripheralService.h */ = {isa = PBXFileReference; fileEncoding = 4; lastKnownFileType = sourcecode.c.h; path = KNTelephatyPeripheralService.h; sourceTree = "<group>"; };
		EB1896A71A15FFDF00B85194 /* KNTelephatyPeripheralService.m */ = {isa = PBXFileReference; fileEncoding = 4; lastKnownFileType = sourcecode.c.objc; path = KNTelephatyPeripheralService.m; sourceTree = "<group>"; };
		EB1896A81A15FFDF00B85194 /* KNTelephatyService.h */ = {isa = PBXFileReference; fileEncoding = 4; lastKnownFileType = sourcecode.c.h; path = KNTelephatyService.h; sourceTree = "<group>"; };
		EB1896A91A15FFDF00B85194 /* KNTelephatyService.m */ = {isa = PBXFileReference; fileEncoding = 4; lastKnownFileType = sourcecode.c.objc; path = KNTelephatyService.m; sourceTree = "<group>"; };
		EB1D3D0F1A1E57BD0038C714 /* NSData+Digest.h */ = {isa = PBXFileReference; fileEncoding = 4; lastKnownFileType = sourcecode.c.h; path = "NSData+Digest.h"; sourceTree = "<group>"; };
		EB1D3D101A1E57BD0038C714 /* NSData+Digest.m */ = {isa = PBXFileReference; fileEncoding = 4; lastKnownFileType = sourcecode.c.objc; path = "NSData+Digest.m"; sourceTree = "<group>"; };
		EB1D3D111A1E57BD0038C714 /* NSString+Digest.h */ = {isa = PBXFileReference; fileEncoding = 4; lastKnownFileType = sourcecode.c.h; path = "NSString+Digest.h"; sourceTree = "<group>"; };
		EB1D3D121A1E57BD0038C714 /* NSString+Digest.m */ = {isa = PBXFileReference; fileEncoding = 4; lastKnownFileType = sourcecode.c.objc; path = "NSString+Digest.m"; sourceTree = "<group>"; };
		EB1D3D141A1E57BD0038C714 /* PPEncrypt.h */ = {isa = PBXFileReference; fileEncoding = 4; lastKnownFileType = sourcecode.c.h; path = PPEncrypt.h; sourceTree = "<group>"; };
		EB1D3D151A1E57BD0038C714 /* PPEncrypt.m */ = {isa = PBXFileReference; fileEncoding = 4; lastKnownFileType = sourcecode.c.objc; path = PPEncrypt.m; sourceTree = "<group>"; };
		EB1D3D161A1E57BD0038C714 /* PPKeyPair.h */ = {isa = PBXFileReference; fileEncoding = 4; lastKnownFileType = sourcecode.c.h; path = PPKeyPair.h; sourceTree = "<group>"; };
		EB1D3D171A1E57BD0038C714 /* PPKeyPair.m */ = {isa = PBXFileReference; fileEncoding = 4; lastKnownFileType = sourcecode.c.objc; path = PPKeyPair.m; sourceTree = "<group>"; };
		EB1D3D1C1A1E6D8A0038C714 /* Security.framework */ = {isa = PBXFileReference; lastKnownFileType = wrapper.framework; name = Security.framework; path = System/Library/Frameworks/Security.framework; sourceTree = SDKROOT; };
		EB73FC7F1A1DD09F002C4A00 /* AESCrypt.h */ = {isa = PBXFileReference; fileEncoding = 4; lastKnownFileType = sourcecode.c.h; path = AESCrypt.h; sourceTree = "<group>"; };
		EB73FC801A1DD09F002C4A00 /* AESCrypt.m */ = {isa = PBXFileReference; fileEncoding = 4; lastKnownFileType = sourcecode.c.objc; path = AESCrypt.m; sourceTree = "<group>"; };
		EB73FC811A1DD09F002C4A00 /* NSData+Base64.h */ = {isa = PBXFileReference; fileEncoding = 4; lastKnownFileType = sourcecode.c.h; path = "NSData+Base64.h"; sourceTree = "<group>"; };
		EB73FC821A1DD09F002C4A00 /* NSData+Base64.m */ = {isa = PBXFileReference; fileEncoding = 4; lastKnownFileType = sourcecode.c.objc; path = "NSData+Base64.m"; sourceTree = "<group>"; };
		EB73FC831A1DD09F002C4A00 /* NSData+CommonCrypto.h */ = {isa = PBXFileReference; fileEncoding = 4; lastKnownFileType = sourcecode.c.h; path = "NSData+CommonCrypto.h"; sourceTree = "<group>"; };
		EB73FC841A1DD09F002C4A00 /* NSData+CommonCrypto.m */ = {isa = PBXFileReference; fileEncoding = 4; lastKnownFileType = sourcecode.c.objc; path = "NSData+CommonCrypto.m"; sourceTree = "<group>"; };
		EB73FC851A1DD09F002C4A00 /* NSString+Base64.h */ = {isa = PBXFileReference; fileEncoding = 4; lastKnownFileType = sourcecode.c.h; path = "NSString+Base64.h"; sourceTree = "<group>"; };
		EB73FC861A1DD09F002C4A00 /* NSString+Base64.m */ = {isa = PBXFileReference; fileEncoding = 4; lastKnownFileType = sourcecode.c.objc; path = "NSString+Base64.m"; sourceTree = "<group>"; };
		EBAE8B384CD114D6D8075544 /* libPods-Telephaty.a */ = {isa = PBXFileReference; explicitFileType = archive.ar; includeInIndex = 0; path = "libPods-Telephaty.a"; sourceTree = BUILT_PRODUCTS_DIR; };
/* End PBXFileReference section */

/* Begin PBXFrameworksBuildPhase section */
		A0D2DA5C19DCA71B004EB881 /* Frameworks */ = {
			isa = PBXFrameworksBuildPhase;
			buildActionMask = 2147483647;
			files = (
				EB1D3D1D1A1E6D8A0038C714 /* Security.framework in Frameworks */,
				DCF0A988F80A2079BCF70019 /* libPods-Telephaty.a in Frameworks */,
			);
			runOnlyForDeploymentPostprocessing = 0;
		};
		A0D2DA7519DCA71C004EB881 /* Frameworks */ = {
			isa = PBXFrameworksBuildPhase;
			buildActionMask = 2147483647;
			files = (
			);
			runOnlyForDeploymentPostprocessing = 0;
		};
/* End PBXFrameworksBuildPhase section */

/* Begin PBXGroup section */
		A080D82319EF0C2D002936ED /* Messages */ = {
			isa = PBXGroup;
			children = (
				A01FCB5019F9B67200ED3948 /* KNMessagesViewController.h */,
				A01FCB5119F9B67200ED3948 /* KNMessagesViewController.m */,
			);
			name = Messages;
			sourceTree = "<group>";
		};
		A0D2DA5619DCA71B004EB881 = {
			isa = PBXGroup;
			children = (
				A0D2DA6119DCA71B004EB881 /* Telephaty */,
				A0D2DA7B19DCA71C004EB881 /* TelephatyTests */,
				A0D2DA6019DCA71B004EB881 /* Products */,
				B49E146D24D6048E92FBF332 /* Pods */,
				D7B886CA6FEB4BB2D772C821 /* Frameworks */,
			);
			indentWidth = 2;
			sourceTree = "<group>";
			tabWidth = 2;
		};
		A0D2DA6019DCA71B004EB881 /* Products */ = {
			isa = PBXGroup;
			children = (
				A0D2DA5F19DCA71B004EB881 /* Telephaty.app */,
				A0D2DA7819DCA71C004EB881 /* TelephatyTests.xctest */,
			);
			name = Products;
			sourceTree = "<group>";
		};
		A0D2DA6119DCA71B004EB881 /* Telephaty */ = {
			isa = PBXGroup;
			children = (
				EB18969D1A15FFA900B85194 /* Telephaty_Api */,
				A0D2DA8919DCA969004EB881 /* Application */,
				A0D2DA8A19DCA991004EB881 /* Controllers */,
				A0D2DA8B19DCA99C004EB881 /* Views */,
			);
			path = Telephaty;
			sourceTree = "<group>";
		};
		A0D2DA6219DCA71C004EB881 /* Supporting Files */ = {
			isa = PBXGroup;
			children = (
				A0D2DA6319DCA71C004EB881 /* Info.plist */,
				A0D2DA6419DCA71C004EB881 /* main.m */,
				A080D81F19EF07B8002936ED /* PrefixHeader.pch */,
			);
			name = "Supporting Files";
			sourceTree = "<group>";
		};
		A0D2DA7B19DCA71C004EB881 /* TelephatyTests */ = {
			isa = PBXGroup;
			children = (
				A0D2DA7E19DCA71C004EB881 /* TelephatyTests.m */,
				A0D2DA7C19DCA71C004EB881 /* Supporting Files */,
			);
			path = TelephatyTests;
			sourceTree = "<group>";
		};
		A0D2DA7C19DCA71C004EB881 /* Supporting Files */ = {
			isa = PBXGroup;
			children = (
				A0D2DA7D19DCA71C004EB881 /* Info.plist */,
			);
			name = "Supporting Files";
			sourceTree = "<group>";
		};
		A0D2DA8819DCA956004EB881 /* AppDelegate */ = {
			isa = PBXGroup;
			children = (
				A0D2DA6619DCA71C004EB881 /* AppDelegate.h */,
				A0D2DA6719DCA71C004EB881 /* AppDelegate.m */,
			);
			name = AppDelegate;
			sourceTree = "<group>";
		};
		A0D2DA8919DCA969004EB881 /* Application */ = {
			isa = PBXGroup;
			children = (
				A0D2DA6F19DCA71C004EB881 /* Images.xcassets */,
				A0D2DA8819DCA956004EB881 /* AppDelegate */,
				A0D2DA6219DCA71C004EB881 /* Supporting Files */,
			);
			name = Application;
			sourceTree = "<group>";
		};
		A0D2DA8A19DCA991004EB881 /* Controllers */ = {
			isa = PBXGroup;
			children = (
				A080D82319EF0C2D002936ED /* Messages */,
			);
			name = Controllers;
			sourceTree = "<group>";
		};
		A0D2DA8B19DCA99C004EB881 /* Views */ = {
			isa = PBXGroup;
			children = (
				A0D2DA7119DCA71C004EB881 /* LaunchScreen.xib */,
				A0D2DA6C19DCA71C004EB881 /* Main.storyboard */,
			);
			name = Views;
			sourceTree = "<group>";
		};
		B49E146D24D6048E92FBF332 /* Pods */ = {
			isa = PBXGroup;
			children = (
				D486498DD0602AE446217326 /* Pods-Telephaty.debug.xcconfig */,
				308A552687BCB96B9E07F086 /* Pods-Telephaty.release.xcconfig */,
			);
			name = Pods;
			sourceTree = "<group>";
		};
		D7B886CA6FEB4BB2D772C821 /* Frameworks */ = {
			isa = PBXGroup;
			children = (
				EB1D3D1C1A1E6D8A0038C714 /* Security.framework */,
				EBAE8B384CD114D6D8075544 /* libPods-Telephaty.a */,
			);
			name = Frameworks;
			sourceTree = "<group>";
		};
		EB18969D1A15FFA900B85194 /* Telephaty_Api */ = {
			isa = PBXGroup;
			children = (
				EB73FC7D1A1DD09F002C4A00 /* Encryption */,
				EB18969F1A15FFCA00B85194 /* Services */,
				EB18969E1A15FFB800B85194 /* Models */,
			);
			name = Telephaty_Api;
			sourceTree = "<group>";
		};
		EB18969E1A15FFB800B85194 /* Models */ = {
			isa = PBXGroup;
			children = (
				EB1896941A15FF9F00B85194 /* MessageData.h */,
				EB1896951A15FF9F00B85194 /* MessageData.m */,
				EB1896961A15FF9F00B85194 /* MessageDataUtils.h */,
				EB1896971A15FF9F00B85194 /* MessageDataUtils.m */,
				EB1896981A15FF9F00B85194 /* TelephatyDB.xcdatamodeld */,
			);
			name = Models;
			sourceTree = "<group>";
		};
		EB18969F1A15FFCA00B85194 /* Services */ = {
			isa = PBXGroup;
			children = (
				EB1896A01A15FFDF00B85194 /* KNConfigurationService.h */,
				EB1896A11A15FFDF00B85194 /* KNConfigurationService.m */,
				EB1896A21A15FFDF00B85194 /* KNCoreDataService.h */,
				EB1896A31A15FFDF00B85194 /* KNCoreDataService.m */,
				EB1896A41A15FFDF00B85194 /* KNTelephatyCentralService.h */,
				EB1896A51A15FFDF00B85194 /* KNTelephatyCentralService.m */,
				EB1896A61A15FFDF00B85194 /* KNTelephatyPeripheralService.h */,
				EB1896A71A15FFDF00B85194 /* KNTelephatyPeripheralService.m */,
				EB1896A81A15FFDF00B85194 /* KNTelephatyService.h */,
				EB1896A91A15FFDF00B85194 /* KNTelephatyService.m */,
			);
			name = Services;
			sourceTree = "<group>";
		};
		EB1D3D0E1A1E57AC0038C714 /* RSA */ = {
			isa = PBXGroup;
			children = (
				EB1D3D0F1A1E57BD0038C714 /* NSData+Digest.h */,
				EB1D3D101A1E57BD0038C714 /* NSData+Digest.m */,
				EB1D3D111A1E57BD0038C714 /* NSString+Digest.h */,
				EB1D3D121A1E57BD0038C714 /* NSString+Digest.m */,
				EB1D3D141A1E57BD0038C714 /* PPEncrypt.h */,
				EB1D3D151A1E57BD0038C714 /* PPEncrypt.m */,
				EB1D3D161A1E57BD0038C714 /* PPKeyPair.h */,
				EB1D3D171A1E57BD0038C714 /* PPKeyPair.m */,
			);
			name = RSA;
			sourceTree = "<group>";
		};
		EB73FC7D1A1DD09F002C4A00 /* Encryption */ = {
			isa = PBXGroup;
			children = (
				EB1D3D0E1A1E57AC0038C714 /* RSA */,
				EB73FC7E1A1DD09F002C4A00 /* AES */,
			);
			path = Encryption;
			sourceTree = "<group>";
		};
		EB73FC7E1A1DD09F002C4A00 /* AES */ = {
			isa = PBXGroup;
			children = (
				EB73FC7F1A1DD09F002C4A00 /* AESCrypt.h */,
				EB73FC801A1DD09F002C4A00 /* AESCrypt.m */,
				EB73FC811A1DD09F002C4A00 /* NSData+Base64.h */,
				EB73FC821A1DD09F002C4A00 /* NSData+Base64.m */,
				EB73FC831A1DD09F002C4A00 /* NSData+CommonCrypto.h */,
				EB73FC841A1DD09F002C4A00 /* NSData+CommonCrypto.m */,
				EB73FC851A1DD09F002C4A00 /* NSString+Base64.h */,
				EB73FC861A1DD09F002C4A00 /* NSString+Base64.m */,
			);
			path = AES;
			sourceTree = "<group>";
		};
/* End PBXGroup section */

/* Begin PBXNativeTarget section */
		A0D2DA5E19DCA71B004EB881 /* Telephaty */ = {
			isa = PBXNativeTarget;
			buildConfigurationList = A0D2DA8219DCA71C004EB881 /* Build configuration list for PBXNativeTarget "Telephaty" */;
			buildPhases = (
				689D3341F331D66C67F7A070 /* Check Pods Manifest.lock */,
				A0D2DA5B19DCA71B004EB881 /* Sources */,
				A0D2DA5C19DCA71B004EB881 /* Frameworks */,
				A0D2DA5D19DCA71B004EB881 /* Resources */,
				AF626F49BA9E16369950C9AD /* Copy Pods Resources */,
			);
			buildRules = (
			);
			dependencies = (
			);
			name = Telephaty;
			productName = Telephaty;
			productReference = A0D2DA5F19DCA71B004EB881 /* Telephaty.app */;
			productType = "com.apple.product-type.application";
		};
		A0D2DA7719DCA71C004EB881 /* TelephatyTests */ = {
			isa = PBXNativeTarget;
			buildConfigurationList = A0D2DA8519DCA71C004EB881 /* Build configuration list for PBXNativeTarget "TelephatyTests" */;
			buildPhases = (
				A0D2DA7419DCA71C004EB881 /* Sources */,
				A0D2DA7519DCA71C004EB881 /* Frameworks */,
				A0D2DA7619DCA71C004EB881 /* Resources */,
			);
			buildRules = (
			);
			dependencies = (
				A0D2DA7A19DCA71C004EB881 /* PBXTargetDependency */,
			);
			name = TelephatyTests;
			productName = TelephatyTests;
			productReference = A0D2DA7819DCA71C004EB881 /* TelephatyTests.xctest */;
			productType = "com.apple.product-type.bundle.unit-test";
		};
/* End PBXNativeTarget section */

/* Begin PBXProject section */
		A0D2DA5719DCA71B004EB881 /* Project object */ = {
			isa = PBXProject;
			attributes = {
				CLASSPREFIX = KN;
				LastUpgradeCheck = 0600;
				ORGANIZATIONNAME = kiliannet;
				TargetAttributes = {
					A0D2DA5E19DCA71B004EB881 = {
						CreatedOnToolsVersion = 6.0.1;
						DevelopmentTeam = 7NVFE9N264;
						SystemCapabilities = {
							com.apple.BackgroundModes = {
								enabled = 1;
							};
						};
					};
					A0D2DA7719DCA71C004EB881 = {
						CreatedOnToolsVersion = 6.0.1;
						TestTargetID = A0D2DA5E19DCA71B004EB881;
					};
				};
			};
			buildConfigurationList = A0D2DA5A19DCA71B004EB881 /* Build configuration list for PBXProject "telephaty" */;
			compatibilityVersion = "Xcode 3.2";
			developmentRegion = English;
			hasScannedForEncodings = 0;
			knownRegions = (
				en,
				Base,
			);
			mainGroup = A0D2DA5619DCA71B004EB881;
			productRefGroup = A0D2DA6019DCA71B004EB881 /* Products */;
			projectDirPath = "";
			projectRoot = "";
			targets = (
				A0D2DA5E19DCA71B004EB881 /* Telephaty */,
				A0D2DA7719DCA71C004EB881 /* TelephatyTests */,
			);
		};
/* End PBXProject section */

/* Begin PBXResourcesBuildPhase section */
		A0D2DA5D19DCA71B004EB881 /* Resources */ = {
			isa = PBXResourcesBuildPhase;
			buildActionMask = 2147483647;
			files = (
				A0D2DA6E19DCA71C004EB881 /* Main.storyboard in Resources */,
				A0D2DA7319DCA71C004EB881 /* LaunchScreen.xib in Resources */,
				A0D2DA7019DCA71C004EB881 /* Images.xcassets in Resources */,
			);
			runOnlyForDeploymentPostprocessing = 0;
		};
		A0D2DA7619DCA71C004EB881 /* Resources */ = {
			isa = PBXResourcesBuildPhase;
			buildActionMask = 2147483647;
			files = (
			);
			runOnlyForDeploymentPostprocessing = 0;
		};
/* End PBXResourcesBuildPhase section */

/* Begin PBXShellScriptBuildPhase section */
		689D3341F331D66C67F7A070 /* Check Pods Manifest.lock */ = {
			isa = PBXShellScriptBuildPhase;
			buildActionMask = 2147483647;
			files = (
			);
			inputPaths = (
			);
			name = "Check Pods Manifest.lock";
			outputPaths = (
			);
			runOnlyForDeploymentPostprocessing = 0;
			shellPath = /bin/sh;
			shellScript = "diff \"${PODS_ROOT}/../Podfile.lock\" \"${PODS_ROOT}/Manifest.lock\" > /dev/null\nif [[ $? != 0 ]] ; then\n    cat << EOM\nerror: The sandbox is not in sync with the Podfile.lock. Run 'pod install' or update your CocoaPods installation.\nEOM\n    exit 1\nfi\n";
			showEnvVarsInLog = 0;
		};
		AF626F49BA9E16369950C9AD /* Copy Pods Resources */ = {
			isa = PBXShellScriptBuildPhase;
			buildActionMask = 2147483647;
			files = (
			);
			inputPaths = (
			);
			name = "Copy Pods Resources";
			outputPaths = (
			);
			runOnlyForDeploymentPostprocessing = 0;
			shellPath = /bin/sh;
			shellScript = "\"${SRCROOT}/Pods/Target Support Files/Pods-Telephaty/Pods-Telephaty-resources.sh\"\n";
			showEnvVarsInLog = 0;
		};
/* End PBXShellScriptBuildPhase section */

/* Begin PBXSourcesBuildPhase section */
		A0D2DA5B19DCA71B004EB881 /* Sources */ = {
			isa = PBXSourcesBuildPhase;
			buildActionMask = 2147483647;
			files = (
				EB1D3D181A1E57BD0038C714 /* NSData+Digest.m in Sources */,
				A0D2DA6819DCA71C004EB881 /* AppDelegate.m in Sources */,
				A01FCB5219F9B67200ED3948 /* KNMessagesViewController.m in Sources */,
				EB1D3D191A1E57BD0038C714 /* NSString+Digest.m in Sources */,
				EB18969C1A15FF9F00B85194 /* TelephatyDB.xcdatamodeld in Sources */,
				EB1896AB1A15FFDF00B85194 /* KNCoreDataService.m in Sources */,
				EB73FC881A1DD09F002C4A00 /* AESCrypt.m in Sources */,
				A0D2DA6519DCA71C004EB881 /* main.m in Sources */,
				EB73FC8A1A1DD09F002C4A00 /* NSData+CommonCrypto.m in Sources */,
				EB1896AC1A15FFDF00B85194 /* KNTelephatyCentralService.m in Sources */,
				EB1896AE1A15FFDF00B85194 /* KNTelephatyService.m in Sources */,
				EB73FC8B1A1DD09F002C4A00 /* NSString+Base64.m in Sources */,
				EB18969B1A15FF9F00B85194 /* MessageDataUtils.m in Sources */,
				EB1D3D1B1A1E57BD0038C714 /* PPKeyPair.m in Sources */,
				EB1896AD1A15FFDF00B85194 /* KNTelephatyPeripheralService.m in Sources */,
				EB18969A1A15FF9F00B85194 /* MessageData.m in Sources */,
				EB73FC891A1DD09F002C4A00 /* NSData+Base64.m in Sources */,
				EB1896AA1A15FFDF00B85194 /* KNConfigurationService.m in Sources */,
				EB1D3D1A1A1E57BD0038C714 /* PPEncrypt.m in Sources */,
			);
			runOnlyForDeploymentPostprocessing = 0;
		};
		A0D2DA7419DCA71C004EB881 /* Sources */ = {
			isa = PBXSourcesBuildPhase;
			buildActionMask = 2147483647;
			files = (
				A0D2DA7F19DCA71C004EB881 /* TelephatyTests.m in Sources */,
			);
			runOnlyForDeploymentPostprocessing = 0;
		};
/* End PBXSourcesBuildPhase section */

/* Begin PBXTargetDependency section */
		A0D2DA7A19DCA71C004EB881 /* PBXTargetDependency */ = {
			isa = PBXTargetDependency;
			target = A0D2DA5E19DCA71B004EB881 /* Telephaty */;
			targetProxy = A0D2DA7919DCA71C004EB881 /* PBXContainerItemProxy */;
		};
/* End PBXTargetDependency section */

/* Begin PBXVariantGroup section */
		A0D2DA6C19DCA71C004EB881 /* Main.storyboard */ = {
			isa = PBXVariantGroup;
			children = (
				A0D2DA6D19DCA71C004EB881 /* Base */,
			);
			name = Main.storyboard;
			sourceTree = "<group>";
		};
		A0D2DA7119DCA71C004EB881 /* LaunchScreen.xib */ = {
			isa = PBXVariantGroup;
			children = (
				A0D2DA7219DCA71C004EB881 /* Base */,
			);
			name = LaunchScreen.xib;
			sourceTree = "<group>";
		};
/* End PBXVariantGroup section */

/* Begin XCBuildConfiguration section */
		A0D2DA8019DCA71C004EB881 /* Debug */ = {
			isa = XCBuildConfiguration;
			buildSettings = {
				ALWAYS_SEARCH_USER_PATHS = NO;
				CLANG_CXX_LANGUAGE_STANDARD = "gnu++0x";
				CLANG_CXX_LIBRARY = "libc++";
				CLANG_ENABLE_MODULES = YES;
				CLANG_ENABLE_OBJC_ARC = YES;
				CLANG_WARN_BOOL_CONVERSION = YES;
				CLANG_WARN_CONSTANT_CONVERSION = YES;
				CLANG_WARN_DIRECT_OBJC_ISA_USAGE = YES_ERROR;
				CLANG_WARN_EMPTY_BODY = YES;
				CLANG_WARN_ENUM_CONVERSION = YES;
				CLANG_WARN_INT_CONVERSION = YES;
				CLANG_WARN_OBJC_ROOT_CLASS = YES_ERROR;
				CLANG_WARN_UNREACHABLE_CODE = YES;
				CLANG_WARN__DUPLICATE_METHOD_MATCH = YES;
				CODE_SIGN_IDENTITY = "iPhone Developer: PEDRO MUNOZ CAQBRERA (3D5W4BPU2K)";
				"CODE_SIGN_IDENTITY[sdk=iphoneos*]" = "iPhone Developer: PEDRO MUNOZ CAQBRERA (3D5W4BPU2K)";
				COPY_PHASE_STRIP = NO;
				ENABLE_STRICT_OBJC_MSGSEND = YES;
				GCC_C_LANGUAGE_STANDARD = gnu99;
				GCC_DYNAMIC_NO_PIC = NO;
				GCC_OPTIMIZATION_LEVEL = 0;
				GCC_PREPROCESSOR_DEFINITIONS = (
					"DEBUG=1",
					"$(inherited)",
				);
				GCC_SYMBOLS_PRIVATE_EXTERN = NO;
				GCC_WARN_64_TO_32_BIT_CONVERSION = YES;
				GCC_WARN_ABOUT_RETURN_TYPE = YES_ERROR;
				GCC_WARN_UNDECLARED_SELECTOR = YES;
				GCC_WARN_UNINITIALIZED_AUTOS = YES_AGGRESSIVE;
				GCC_WARN_UNUSED_FUNCTION = YES;
				GCC_WARN_UNUSED_VARIABLE = YES;
				IPHONEOS_DEPLOYMENT_TARGET = 8.0;
				MTL_ENABLE_DEBUG_INFO = YES;
				ONLY_ACTIVE_ARCH = YES;
				PROVISIONING_PROFILE = "";
				SDKROOT = iphoneos;
			};
			name = Debug;
		};
		A0D2DA8119DCA71C004EB881 /* Release */ = {
			isa = XCBuildConfiguration;
			buildSettings = {
				ALWAYS_SEARCH_USER_PATHS = NO;
				CLANG_CXX_LANGUAGE_STANDARD = "gnu++0x";
				CLANG_CXX_LIBRARY = "libc++";
				CLANG_ENABLE_MODULES = YES;
				CLANG_ENABLE_OBJC_ARC = YES;
				CLANG_WARN_BOOL_CONVERSION = YES;
				CLANG_WARN_CONSTANT_CONVERSION = YES;
				CLANG_WARN_DIRECT_OBJC_ISA_USAGE = YES_ERROR;
				CLANG_WARN_EMPTY_BODY = YES;
				CLANG_WARN_ENUM_CONVERSION = YES;
				CLANG_WARN_INT_CONVERSION = YES;
				CLANG_WARN_OBJC_ROOT_CLASS = YES_ERROR;
				CLANG_WARN_UNREACHABLE_CODE = YES;
				CLANG_WARN__DUPLICATE_METHOD_MATCH = YES;
				CODE_SIGN_IDENTITY = "";
				"CODE_SIGN_IDENTITY[sdk=iphoneos*]" = "";
				COPY_PHASE_STRIP = YES;
				ENABLE_NS_ASSERTIONS = NO;
				ENABLE_STRICT_OBJC_MSGSEND = YES;
				GCC_C_LANGUAGE_STANDARD = gnu99;
				GCC_WARN_64_TO_32_BIT_CONVERSION = YES;
				GCC_WARN_ABOUT_RETURN_TYPE = YES_ERROR;
				GCC_WARN_UNDECLARED_SELECTOR = YES;
				GCC_WARN_UNINITIALIZED_AUTOS = YES_AGGRESSIVE;
				GCC_WARN_UNUSED_FUNCTION = YES;
				GCC_WARN_UNUSED_VARIABLE = YES;
				IPHONEOS_DEPLOYMENT_TARGET = 8.0;
				MTL_ENABLE_DEBUG_INFO = NO;
				PROVISIONING_PROFILE = "";
				SDKROOT = iphoneos;
				VALIDATE_PRODUCT = YES;
			};
			name = Release;
		};
		A0D2DA8319DCA71C004EB881 /* Debug */ = {
			isa = XCBuildConfiguration;
			baseConfigurationReference = D486498DD0602AE446217326 /* Pods-Telephaty.debug.xcconfig */;
			buildSettings = {
				ASSETCATALOG_COMPILER_APPICON_NAME = AppIcon;
				CODE_SIGN_IDENTITY = "";
				"CODE_SIGN_IDENTITY[sdk=iphoneos*]" = "";
				GCC_PREFIX_HEADER = "$(SRCROOT)/Telephaty/PrefixHeader.pch";
				INFOPLIST_FILE = Telephaty/Info.plist;
				IPHONEOS_DEPLOYMENT_TARGET = 8.0;
				LD_RUNPATH_SEARCH_PATHS = "$(inherited) @executable_path/Frameworks";
				PRODUCT_NAME = "$(TARGET_NAME)";
				PROVISIONING_PROFILE = "3d5355aa-7adc-4743-8022-49e8b584e362";
				TARGETED_DEVICE_FAMILY = "1,2";
			};
			name = Debug;
		};
		A0D2DA8419DCA71C004EB881 /* Release */ = {
			isa = XCBuildConfiguration;
			baseConfigurationReference = 308A552687BCB96B9E07F086 /* Pods-Telephaty.release.xcconfig */;
			buildSettings = {
				ASSETCATALOG_COMPILER_APPICON_NAME = AppIcon;
				CODE_SIGN_IDENTITY = "";
				"CODE_SIGN_IDENTITY[sdk=iphoneos*]" = "";
				GCC_PREFIX_HEADER = "$(SRCROOT)/Telephaty/PrefixHeader.pch";
				INFOPLIST_FILE = Telephaty/Info.plist;
				IPHONEOS_DEPLOYMENT_TARGET = 8.0;
				LD_RUNPATH_SEARCH_PATHS = "$(inherited) @executable_path/Frameworks";
				PRODUCT_NAME = "$(TARGET_NAME)";
				PROVISIONING_PROFILE = "3d5355aa-7adc-4743-8022-49e8b584e362";
				TARGETED_DEVICE_FAMILY = "1,2";
			};
			name = Release;
		};
		A0D2DA8619DCA71C004EB881 /* Debug */ = {
			isa = XCBuildConfiguration;
			buildSettings = {
				BUNDLE_LOADER = "$(TEST_HOST)";
				FRAMEWORK_SEARCH_PATHS = (
					"$(SDKROOT)/Developer/Library/Frameworks",
					"$(inherited)",
				);
				GCC_PREPROCESSOR_DEFINITIONS = (
					"DEBUG=1",
					"$(inherited)",
				);
				INFOPLIST_FILE = TelephatyTests/Info.plist;
				LD_RUNPATH_SEARCH_PATHS = "$(inherited) @executable_path/Frameworks @loader_path/Frameworks";
				PRODUCT_NAME = "$(TARGET_NAME)";
				TEST_HOST = "$(BUILT_PRODUCTS_DIR)/Telephaty.app/Telephaty";
			};
			name = Debug;
		};
		A0D2DA8719DCA71C004EB881 /* Release */ = {
			isa = XCBuildConfiguration;
			buildSettings = {
				BUNDLE_LOADER = "$(TEST_HOST)";
				FRAMEWORK_SEARCH_PATHS = (
					"$(SDKROOT)/Developer/Library/Frameworks",
					"$(inherited)",
				);
				INFOPLIST_FILE = TelephatyTests/Info.plist;
				LD_RUNPATH_SEARCH_PATHS = "$(inherited) @executable_path/Frameworks @loader_path/Frameworks";
				PRODUCT_NAME = "$(TARGET_NAME)";
				TEST_HOST = "$(BUILT_PRODUCTS_DIR)/Telephaty.app/Telephaty";
			};
			name = Release;
		};
/* End XCBuildConfiguration section */

/* Begin XCConfigurationList section */
		A0D2DA5A19DCA71B004EB881 /* Build configuration list for PBXProject "telephaty" */ = {
			isa = XCConfigurationList;
			buildConfigurations = (
				A0D2DA8019DCA71C004EB881 /* Debug */,
				A0D2DA8119DCA71C004EB881 /* Release */,
			);
			defaultConfigurationIsVisible = 0;
			defaultConfigurationName = Release;
		};
		A0D2DA8219DCA71C004EB881 /* Build configuration list for PBXNativeTarget "Telephaty" */ = {
			isa = XCConfigurationList;
			buildConfigurations = (
				A0D2DA8319DCA71C004EB881 /* Debug */,
				A0D2DA8419DCA71C004EB881 /* Release */,
			);
			defaultConfigurationIsVisible = 0;
			defaultConfigurationName = Release;
		};
		A0D2DA8519DCA71C004EB881 /* Build configuration list for PBXNativeTarget "TelephatyTests" */ = {
			isa = XCConfigurationList;
			buildConfigurations = (
				A0D2DA8619DCA71C004EB881 /* Debug */,
				A0D2DA8719DCA71C004EB881 /* Release */,
			);
			defaultConfigurationIsVisible = 0;
			defaultConfigurationName = Release;
		};
/* End XCConfigurationList section */

/* Begin XCVersionGroup section */
		EB1896981A15FF9F00B85194 /* TelephatyDB.xcdatamodeld */ = {
			isa = XCVersionGroup;
			children = (
				EB1896991A15FF9F00B85194 /* TelephatyDB.xcdatamodel */,
			);
			currentVersion = EB1896991A15FF9F00B85194 /* TelephatyDB.xcdatamodel */;
			path = TelephatyDB.xcdatamodeld;
			sourceTree = "<group>";
			versionGroupType = wrapper.xcdatamodel;
		};
/* End XCVersionGroup section */
	};
	rootObject = A0D2DA5719DCA71B004EB881 /* Project object */;
}
